
Microsoft Visual Studio Solution File, Format Version 12.00
# Visual Studio Version 17
VisualStudioVersion = 17.11.35303.130
MinimumVisualStudioVersion = 10.0.40219.1
Project("{8BC9CEB8-8B4A-11D0-8D11-00A0C91BC942}") = "Lab1", "Lab1\Lab1.vcxproj", "{CCAAFB5D-CA94-401C-8FB8-E70DDB8AA8A8}"
EndProject
Global
	GlobalSection(SolutionConfigurationPlatforms) = preSolution
		Debug|x64 = Debug|x64
		Debug|x86 = Debug|x86
		Release|x64 = Release|x64
		Release|x86 = Release|x86
	EndGlobalSection
	GlobalSection(ProjectConfigurationPlatforms) = postSolution
		{CCAAFB5D-CA94-401C-8FB8-E70DDB8AA8A8}.Debug|x64.ActiveCfg = Debug|x64
		{CCAAFB5D-CA94-401C-8FB8-E70DDB8AA8A8}.Debug|x64.Build.0 = Debug|x64
		{CCAAFB5D-CA94-401C-8FB8-E70DDB8AA8A8}.Debug|x86.ActiveCfg = Debug|Win32
		{CCAAFB5D-CA94-401C-8FB8-E70DDB8AA8A8}.Debug|x86.Build.0 = Debug|Win32
		{CCAAFB5D-CA94-401C-8FB8-E70DDB8AA8A8}.Release|x64.ActiveCfg = Release|x64
		{CCAAFB5D-CA94-401C-8FB8-E70DDB8AA8A8}.Release|x64.Build.0 = Release|x64
		{CCAAFB5D-CA94-401C-8FB8-E70DDB8AA8A8}.Release|x86.ActiveCfg = Release|Win32
		{CCAAFB5D-CA94-401C-8FB8-E70DDB8AA8A8}.Release|x86.Build.0 = Release|Win32
	EndGlobalSection
	GlobalSection(SolutionProperties) = preSolution
		HideSolutionNode = FALSE
	EndGlobalSection
	GlobalSection(ExtensibilityGlobals) = postSolution
		SolutionGuid = {4DA3C47F-70C8-4D09-BDD4-3B81DEFC987A}
	EndGlobalSection
EndGlobal
